// !$*UTF8*$!
{
	archiveVersion = 1;
	classes = {
	};
	objectVersion = 52;
	objects = {

/* Begin PBXBuildFile section */
		B7C892CE23CE4CB4005ACCD5 /* AppDelegate.swift in Sources */ = {isa = PBXBuildFile; fileRef = B7C892CD23CE4CB4005ACCD5 /* AppDelegate.swift */; };
		B7C892D023CE4CB4005ACCD5 /* SceneDelegate.swift in Sources */ = {isa = PBXBuildFile; fileRef = B7C892CF23CE4CB4005ACCD5 /* SceneDelegate.swift */; };
		B7C892D223CE4CB4005ACCD5 /* ViewController.swift in Sources */ = {isa = PBXBuildFile; fileRef = B7C892D123CE4CB4005ACCD5 /* ViewController.swift */; };
		B7C892D523CE4CB4005ACCD5 /* Main.storyboard in Resources */ = {isa = PBXBuildFile; fileRef = B7C892D323CE4CB4005ACCD5 /* Main.storyboard */; };
		B7C892D723CE4CB5005ACCD5 /* Assets.xcassets in Resources */ = {isa = PBXBuildFile; fileRef = B7C892D623CE4CB5005ACCD5 /* Assets.xcassets */; };
		B7C892DA23CE4CB5005ACCD5 /* LaunchScreen.storyboard in Resources */ = {isa = PBXBuildFile; fileRef = B7C892D823CE4CB5005ACCD5 /* LaunchScreen.storyboard */; };
		B7C892E323CE4E31005ACCD5 /* CountryCell.swift in Sources */ = {isa = PBXBuildFile; fileRef = B7C892E223CE4E31005ACCD5 /* CountryCell.swift */; };
		B7C892E523CE4E83005ACCD5 /* DetailViewController.swift in Sources */ = {isa = PBXBuildFile; fileRef = B7C892E423CE4E83005ACCD5 /* DetailViewController.swift */; };
		B7C892E823CE4F37005ACCD5 /* ImageKit in Frameworks */ = {isa = PBXBuildFile; productRef = B7C892E723CE4F37005ACCD5 /* ImageKit */; };
		B7C892EA23CE4F64005ACCD5 /* CountryAPIClient.swift in Sources */ = {isa = PBXBuildFile; fileRef = B7C892E923CE4F64005ACCD5 /* CountryAPIClient.swift */; };
		B7C892EC23CE4F82005ACCD5 /* CountryModel.swift in Sources */ = {isa = PBXBuildFile; fileRef = B7C892EB23CE4F82005ACCD5 /* CountryModel.swift */; };
/* End PBXBuildFile section */

/* Begin PBXFileReference section */
		B7C892CA23CE4CB4005ACCD5 /* CountryList-CollectionView.app */ = {isa = PBXFileReference; explicitFileType = wrapper.application; includeInIndex = 0; path = "CountryList-CollectionView.app"; sourceTree = BUILT_PRODUCTS_DIR; };
		B7C892CD23CE4CB4005ACCD5 /* AppDelegate.swift */ = {isa = PBXFileReference; lastKnownFileType = sourcecode.swift; path = AppDelegate.swift; sourceTree = "<group>"; };
		B7C892CF23CE4CB4005ACCD5 /* SceneDelegate.swift */ = {isa = PBXFileReference; lastKnownFileType = sourcecode.swift; path = SceneDelegate.swift; sourceTree = "<group>"; };
		B7C892D123CE4CB4005ACCD5 /* ViewController.swift */ = {isa = PBXFileReference; lastKnownFileType = sourcecode.swift; path = ViewController.swift; sourceTree = "<group>"; };
		B7C892D423CE4CB4005ACCD5 /* Base */ = {isa = PBXFileReference; lastKnownFileType = file.storyboard; name = Base; path = Base.lproj/Main.storyboard; sourceTree = "<group>"; };
		B7C892D623CE4CB5005ACCD5 /* Assets.xcassets */ = {isa = PBXFileReference; lastKnownFileType = folder.assetcatalog; path = Assets.xcassets; sourceTree = "<group>"; };
		B7C892D923CE4CB5005ACCD5 /* Base */ = {isa = PBXFileReference; lastKnownFileType = file.storyboard; name = Base; path = Base.lproj/LaunchScreen.storyboard; sourceTree = "<group>"; };
		B7C892DB23CE4CB5005ACCD5 /* Info.plist */ = {isa = PBXFileReference; lastKnownFileType = text.plist.xml; path = Info.plist; sourceTree = "<group>"; };
		B7C892E223CE4E31005ACCD5 /* CountryCell.swift */ = {isa = PBXFileReference; lastKnownFileType = sourcecode.swift; path = CountryCell.swift; sourceTree = "<group>"; };
		B7C892E423CE4E83005ACCD5 /* DetailViewController.swift */ = {isa = PBXFileReference; lastKnownFileType = sourcecode.swift; path = DetailViewController.swift; sourceTree = "<group>"; };
		B7C892E923CE4F64005ACCD5 /* CountryAPIClient.swift */ = {isa = PBXFileReference; lastKnownFileType = sourcecode.swift; path = CountryAPIClient.swift; sourceTree = "<group>"; };
		B7C892EB23CE4F82005ACCD5 /* CountryModel.swift */ = {isa = PBXFileReference; lastKnownFileType = sourcecode.swift; path = CountryModel.swift; sourceTree = "<group>"; };
/* End PBXFileReference section */

/* Begin PBXFrameworksBuildPhase section */
		B7C892C723CE4CB4005ACCD5 /* Frameworks */ = {
			isa = PBXFrameworksBuildPhase;
			buildActionMask = 2147483647;
			files = (
				B7C892E823CE4F37005ACCD5 /* ImageKit in Frameworks */,
			);
			runOnlyForDeploymentPostprocessing = 0;
		};
/* End PBXFrameworksBuildPhase section */

/* Begin PBXGroup section */
		B7C892C123CE4CB4005ACCD5 = {
			isa = PBXGroup;
			children = (
				B7C892CC23CE4CB4005ACCD5 /* CountryList-CollectionView */,
				B7C892CB23CE4CB4005ACCD5 /* Products */,
			);
			sourceTree = "<group>";
		};
		B7C892CB23CE4CB4005ACCD5 /* Products */ = {
			isa = PBXGroup;
			children = (
				B7C892CA23CE4CB4005ACCD5 /* CountryList-CollectionView.app */,
			);
			name = Products;
			sourceTree = "<group>";
		};
		B7C892CC23CE4CB4005ACCD5 /* CountryList-CollectionView */ = {
			isa = PBXGroup;
			children = (
				B7C892E123CE4E1B005ACCD5 /* VC's */,
				B7C892E923CE4F64005ACCD5 /* CountryAPIClient.swift */,
				B7C892EB23CE4F82005ACCD5 /* CountryModel.swift */,
				B7C892CD23CE4CB4005ACCD5 /* AppDelegate.swift */,
				B7C892CF23CE4CB4005ACCD5 /* SceneDelegate.swift */,
				B7C892D323CE4CB4005ACCD5 /* Main.storyboard */,
				B7C892D623CE4CB5005ACCD5 /* Assets.xcassets */,
				B7C892D823CE4CB5005ACCD5 /* LaunchScreen.storyboard */,
				B7C892DB23CE4CB5005ACCD5 /* Info.plist */,
			);
			path = "CountryList-CollectionView";
			sourceTree = "<group>";
		};
		B7C892E123CE4E1B005ACCD5 /* VC's */ = {
			isa = PBXGroup;
			children = (
				B7C892D123CE4CB4005ACCD5 /* ViewController.swift */,
				B7C892E223CE4E31005ACCD5 /* CountryCell.swift */,
				B7C892E423CE4E83005ACCD5 /* DetailViewController.swift */,
			);
			path = "VC's";
			sourceTree = "<group>";
		};
/* End PBXGroup section */

/* Begin PBXNativeTarget section */
		B7C892C923CE4CB4005ACCD5 /* CountryList-CollectionView */ = {
			isa = PBXNativeTarget;
			buildConfigurationList = B7C892DE23CE4CB5005ACCD5 /* Build configuration list for PBXNativeTarget "CountryList-CollectionView" */;
			buildPhases = (
				B7C892C623CE4CB4005ACCD5 /* Sources */,
				B7C892C723CE4CB4005ACCD5 /* Frameworks */,
				B7C892C823CE4CB4005ACCD5 /* Resources */,
			);
			buildRules = (
			);
			dependencies = (
			);
			name = "CountryList-CollectionView";
			packageProductDependencies = (
				B7C892E723CE4F37005ACCD5 /* ImageKit */,
			);
			productName = "CountryList-CollectionView";
			productReference = B7C892CA23CE4CB4005ACCD5 /* CountryList-CollectionView.app */;
			productType = "com.apple.product-type.application";
		};
/* End PBXNativeTarget section */

/* Begin PBXProject section */
		B7C892C223CE4CB4005ACCD5 /* Project object */ = {
			isa = PBXProject;
			attributes = {
				LastSwiftUpdateCheck = 1130;
				LastUpgradeCheck = 1130;
				ORGANIZATIONNAME = "Brendon Cecilio";
				TargetAttributes = {
					B7C892C923CE4CB4005ACCD5 = {
						CreatedOnToolsVersion = 11.3;
					};
				};
			};
			buildConfigurationList = B7C892C523CE4CB4005ACCD5 /* Build configuration list for PBXProject "CountryList-CollectionView" */;
			compatibilityVersion = "Xcode 9.3";
			developmentRegion = en;
			hasScannedForEncodings = 0;
			knownRegions = (
				en,
				Base,
			);
			mainGroup = B7C892C123CE4CB4005ACCD5;
			packageReferences = (
				B7C892E623CE4F37005ACCD5 /* XCRemoteSwiftPackageReference "ImageKit" */,
			);
			productRefGroup = B7C892CB23CE4CB4005ACCD5 /* Products */;
			projectDirPath = "";
			projectRoot = "";
			targets = (
				B7C892C923CE4CB4005ACCD5 /* CountryList-CollectionView */,
			);
		};
/* End PBXProject section */

/* Begin PBXResourcesBuildPhase section */
		B7C892C823CE4CB4005ACCD5 /* Resources */ = {
			isa = PBXResourcesBuildPhase;
			buildActionMask = 2147483647;
			files = (
				B7C892DA23CE4CB5005ACCD5 /* LaunchScreen.storyboard in Resources */,
				B7C892D723CE4CB5005ACCD5 /* Assets.xcassets in Resources */,
				B7C892D523CE4CB4005ACCD5 /* Main.storyboard in Resources */,
			);
			runOnlyForDeploymentPostprocessing = 0;
		};
/* End PBXResourcesBuildPhase section */

/* Begin PBXSourcesBuildPhase section */
		B7C892C623CE4CB4005ACCD5 /* Sources */ = {
			isa = PBXSourcesBuildPhase;
			buildActionMask = 2147483647;
			files = (
				B7C892EC23CE4F82005ACCD5 /* CountryModel.swift in Sources */,
				B7C892E323CE4E31005ACCD5 /* CountryCell.swift in Sources */,
				B7C892D223CE4CB4005ACCD5 /* ViewController.swift in Sources */,
				B7C892EA23CE4F64005ACCD5 /* CountryAPIClient.swift in Sources */,
				B7C892E523CE4E83005ACCD5 /* DetailViewController.swift in Sources */,
				B7C892CE23CE4CB4005ACCD5 /* AppDelegate.swift in Sources */,
				B7C892D023CE4CB4005ACCD5 /* SceneDelegate.swift in Sources */,
			);
			runOnlyForDeploymentPostprocessing = 0;
		};
/* End PBXSourcesBuildPhase section */

/* Begin PBXVariantGroup section */
		B7C892D323CE4CB4005ACCD5 /* Main.storyboard */ = {
			isa = PBXVariantGroup;
			children = (
				B7C892D423CE4CB4005ACCD5 /* Base */,
			);
			name = Main.storyboard;
			sourceTree = "<group>";
		};
		B7C892D823CE4CB5005ACCD5 /* LaunchScreen.storyboard */ = {
			isa = PBXVariantGroup;
			children = (
				B7C892D923CE4CB5005ACCD5 /* Base */,
			);
			name = LaunchScreen.storyboard;
			sourceTree = "<group>";
		};
/* End PBXVariantGroup section */

/* Begin XCBuildConfiguration section */
		B7C892DC23CE4CB5005ACCD5 /* Debug */ = {
			isa = XCBuildConfiguration;
			buildSettings = {
				ALWAYS_SEARCH_USER_PATHS = NO;
				CLANG_ANALYZER_NONNULL = YES;
				CLANG_ANALYZER_NUMBER_OBJECT_CONVERSION = YES_AGGRESSIVE;
				CLANG_CXX_LANGUAGE_STANDARD = "gnu++14";
				CLANG_CXX_LIBRARY = "libc++";
				CLANG_ENABLE_MODULES = YES;
				CLANG_ENABLE_OBJC_ARC = YES;
				CLANG_ENABLE_OBJC_WEAK = YES;
				CLANG_WARN_BLOCK_CAPTURE_AUTORELEASING = YES;
				CLANG_WARN_BOOL_CONVERSION = YES;
				CLANG_WARN_COMMA = YES;
				CLANG_WARN_CONSTANT_CONVERSION = YES;
				CLANG_WARN_DEPRECATED_OBJC_IMPLEMENTATIONS = YES;
				CLANG_WARN_DIRECT_OBJC_ISA_USAGE = YES_ERROR;
				CLANG_WARN_DOCUMENTATION_COMMENTS = YES;
				CLANG_WARN_EMPTY_BODY = YES;
				CLANG_WARN_ENUM_CONVERSION = YES;
				CLANG_WARN_INFINITE_RECURSION = YES;
				CLANG_WARN_INT_CONVERSION = YES;
				CLANG_WARN_NON_LITERAL_NULL_CONVERSION = YES;
				CLANG_WARN_OBJC_IMPLICIT_RETAIN_SELF = YES;
				CLANG_WARN_OBJC_LITERAL_CONVERSION = YES;
				CLANG_WARN_OBJC_ROOT_CLASS = YES_ERROR;
				CLANG_WARN_RANGE_LOOP_ANALYSIS = YES;
				CLANG_WARN_STRICT_PROTOTYPES = YES;
				CLANG_WARN_SUSPICIOUS_MOVE = YES;
				CLANG_WARN_UNGUARDED_AVAILABILITY = YES_AGGRESSIVE;
				CLANG_WARN_UNREACHABLE_CODE = YES;
				CLANG_WARN__DUPLICATE_METHOD_MATCH = YES;
				COPY_PHASE_STRIP = NO;
				DEBUG_INFORMATION_FORMAT = dwarf;
				ENABLE_STRICT_OBJC_MSGSEND = YES;
				ENABLE_TESTABILITY = YES;
				GCC_C_LANGUAGE_STANDARD = gnu11;
				GCC_DYNAMIC_NO_PIC = NO;
				GCC_NO_COMMON_BLOCKS = YES;
				GCC_OPTIMIZATION_LEVEL = 0;
				GCC_PREPROCESSOR_DEFINITIONS = (
					"DEBUG=1",
					"$(inherited)",
				);
				GCC_WARN_64_TO_32_BIT_CONVERSION = YES;
				GCC_WARN_ABOUT_RETURN_TYPE = YES_ERROR;
				GCC_WARN_UNDECLARED_SELECTOR = YES;
				GCC_WARN_UNINITIALIZED_AUTOS = YES_AGGRESSIVE;
				GCC_WARN_UNUSED_FUNCTION = YES;
				GCC_WARN_UNUSED_VARIABLE = YES;
				IPHONEOS_DEPLOYMENT_TARGET = 13.2;
				MTL_ENABLE_DEBUG_INFO = INCLUDE_SOURCE;
				MTL_FAST_MATH = YES;
				ONLY_ACTIVE_ARCH = YES;
				SDKROOT = iphoneos;
				SWIFT_ACTIVE_COMPILATION_CONDITIONS = DEBUG;
				SWIFT_OPTIMIZATION_LEVEL = "-Onone";
			};
			name = Debug;
		};
		B7C892DD23CE4CB5005ACCD5 /* Release */ = {
			isa = XCBuildConfiguration;
			buildSettings = {
				ALWAYS_SEARCH_USER_PATHS = NO;
				CLANG_ANALYZER_NONNULL = YES;
				CLANG_ANALYZER_NUMBER_OBJECT_CONVERSION = YES_AGGRESSIVE;
				CLANG_CXX_LANGUAGE_STANDARD = "gnu++14";
				CLANG_CXX_LIBRARY = "libc++";
				CLANG_ENABLE_MODULES = YES;
				CLANG_ENABLE_OBJC_ARC = YES;
				CLANG_ENABLE_OBJC_WEAK = YES;
				CLANG_WARN_BLOCK_CAPTURE_AUTORELEASING = YES;
				CLANG_WARN_BOOL_CONVERSION = YES;
				CLANG_WARN_COMMA = YES;
				CLANG_WARN_CONSTANT_CONVERSION = YES;
				CLANG_WARN_DEPRECATED_OBJC_IMPLEMENTATIONS = YES;
				CLANG_WARN_DIRECT_OBJC_ISA_USAGE = YES_ERROR;
				CLANG_WARN_DOCUMENTATION_COMMENTS = YES;
				CLANG_WARN_EMPTY_BODY = YES;
				CLANG_WARN_ENUM_CONVERSION = YES;
				CLANG_WARN_INFINITE_RECURSION = YES;
				CLANG_WARN_INT_CONVERSION = YES;
				CLANG_WARN_NON_LITERAL_NULL_CONVERSION = YES;
				CLANG_WARN_OBJC_IMPLICIT_RETAIN_SELF = YES;
				CLANG_WARN_OBJC_LITERAL_CONVERSION = YES;
				CLANG_WARN_OBJC_ROOT_CLASS = YES_ERROR;
				CLANG_WARN_RANGE_LOOP_ANALYSIS = YES;
				CLANG_WARN_STRICT_PROTOTYPES = YES;
				CLANG_WARN_SUSPICIOUS_MOVE = YES;
				CLANG_WARN_UNGUARDED_AVAILABILITY = YES_AGGRESSIVE;
				CLANG_WARN_UNREACHABLE_CODE = YES;
				CLANG_WARN__DUPLICATE_METHOD_MATCH = YES;
				COPY_PHASE_STRIP = NO;
				DEBUG_INFORMATION_FORMAT = "dwarf-with-dsym";
				ENABLE_NS_ASSERTIONS = NO;
				ENABLE_STRICT_OBJC_MSGSEND = YES;
				GCC_C_LANGUAGE_STANDARD = gnu11;
				GCC_NO_COMMON_BLOCKS = YES;
				GCC_WARN_64_TO_32_BIT_CONVERSION = YES;
				GCC_WARN_ABOUT_RETURN_TYPE = YES_ERROR;
				GCC_WARN_UNDECLARED_SELECTOR = YES;
				GCC_WARN_UNINITIALIZED_AUTOS = YES_AGGRESSIVE;
				GCC_WARN_UNUSED_FUNCTION = YES;
				GCC_WARN_UNUSED_VARIABLE = YES;
				IPHONEOS_DEPLOYMENT_TARGET = 13.2;
				MTL_ENABLE_DEBUG_INFO = NO;
				MTL_FAST_MATH = YES;
				SDKROOT = iphoneos;
				SWIFT_COMPILATION_MODE = wholemodule;
				SWIFT_OPTIMIZATION_LEVEL = "-O";
				VALIDATE_PRODUCT = YES;
			};
			name = Release;
		};
		B7C892DF23CE4CB5005ACCD5 /* Debug */ = {
			isa = XCBuildConfiguration;
			buildSettings = {
				ASSETCATALOG_COMPILER_APPICON_NAME = AppIcon;
				CODE_SIGN_STYLE = Automatic;
				DEVELOPMENT_TEAM = 879MP5M96B;
				INFOPLIST_FILE = "CountryList-CollectionView/Info.plist";
				LD_RUNPATH_SEARCH_PATHS = (
					"$(inherited)",
					"@executable_path/Frameworks",
				);
				PRODUCT_BUNDLE_IDENTIFIER = "com.brendoncecilio.CountryList-CollectionView";
				PRODUCT_NAME = "$(TARGET_NAME)";
				SWIFT_VERSION = 5.0;
				TARGETED_DEVICE_FAMILY = "1,2";
			};
			name = Debug;
		};
		B7C892E023CE4CB5005ACCD5 /* Release */ = {
			isa = XCBuildConfiguration;
			buildSettings = {
				ASSETCATALOG_COMPILER_APPICON_NAME = AppIcon;
				CODE_SIGN_STYLE = Automatic;
				DEVELOPMENT_TEAM = 879MP5M96B;
				INFOPLIST_FILE = "CountryList-CollectionView/Info.plist";
				LD_RUNPATH_SEARCH_PATHS = (
					"$(inherited)",
					"@executable_path/Frameworks",
				);
				PRODUCT_BUNDLE_IDENTIFIER = "com.brendoncecilio.CountryList-CollectionView";
				PRODUCT_NAME = "$(TARGET_NAME)";
				SWIFT_VERSION = 5.0;
				TARGETED_DEVICE_FAMILY = "1,2";
			};
			name = Release;
		};
/* End XCBuildConfiguration section */

/* Begin XCConfigurationList section */
		B7C892C523CE4CB4005ACCD5 /* Build configuration list for PBXProject "CountryList-CollectionView" */ = {
			isa = XCConfigurationList;
			buildConfigurations = (
				B7C892DC23CE4CB5005ACCD5 /* Debug */,
				B7C892DD23CE4CB5005ACCD5 /* Release */,
			);
			defaultConfigurationIsVisible = 0;
			defaultConfigurationName = Release;
		};
		B7C892DE23CE4CB5005ACCD5 /* Build configuration list for PBXNativeTarget "CountryList-CollectionView" */ = {
			isa = XCConfigurationList;
			buildConfigurations = (
				B7C892DF23CE4CB5005ACCD5 /* Debug */,
				B7C892E023CE4CB5005ACCD5 /* Release */,
			);
			defaultConfigurationIsVisible = 0;
			defaultConfigurationName = Release;
		};
/* End XCConfigurationList section */

/* Begin XCRemoteSwiftPackageReference section */
		B7C892E623CE4F37005ACCD5 /* XCRemoteSwiftPackageReference "ImageKit" */ = {
			isa = XCRemoteSwiftPackageReference;
			repositoryURL = "https://github.com/alexpaul/ImageKit";
			requirement = {
				kind = upToNextMajorVersion;
				minimumVersion = 1.0.2;
			};
		};
/* End XCRemoteSwiftPackageReference section */

/* Begin XCSwiftPackageProductDependency section */
		B7C892E723CE4F37005ACCD5 /* ImageKit */ = {
			isa = XCSwiftPackageProductDependency;
			package = B7C892E623CE4F37005ACCD5 /* XCRemoteSwiftPackageReference "ImageKit" */;
			productName = ImageKit;
		};
/* End XCSwiftPackageProductDependency section */
	};
	rootObject = B7C892C223CE4CB4005ACCD5 /* Project object */;
}
